# This file is autogenerated, do not edit; changes may be undone by the next 'dep ensure'.


[[projects]]
  branch = "master"
  name = "github.com/Sirupsen/logrus"
  packages = ["."]
  revision = "5e5dc898656f695e2a086b8e12559febbfc01562"

[[projects]]
  branch = "master"
  name = "github.com/ajg/form"
  packages = ["."]
  revision = "523a5da1a92f01b01f840b61689c0340a0243532"

[[projects]]
  branch = "master"
  name = "github.com/davecgh/go-spew"
  packages = ["spew"]
  revision = "346938d642f2ec3594ed81d874461961cd0faa76"

[[projects]]
  branch = "master"
  name = "github.com/daviddengcn/go-colortext"
  packages = ["."]
  revision = "805cee6e0d43c72ba1d4e3275965ff41e0da068a"

[[projects]]
  branch = "master"
  name = "github.com/dustin/go-humanize"
  packages = ["."]
  revision = "259d2a102b871d17f30e3cd9881a642961a1e486"

[[projects]]
  branch = "master"
  name = "github.com/fatih/color"
  packages = ["."]
  revision = "62e9147c64a1ed519147b62a56a14e83e2be02c1"

[[projects]]
  branch = "master"
  name = "github.com/fsnotify/fsnotify"
  packages = ["."]
  revision = "4da3e2cfbabc9f751898f250b49f2439785783a1"

[[projects]]
  branch = "master"
  name = "github.com/go-sql-driver/mysql"
  packages = ["."]
  revision = "a825be04c652d01442384e9dcdf2cdc3f1eda67f"

[[projects]]
  branch = "master"
  name = "github.com/gobuffalo/buffalo"
  packages = [".","middleware","middleware/csrf","middleware/i18n","render"]
  revision = "e1b5de61cb8304ae02f65cc91e1c44c7754f4c19"

[[projects]]
  branch = "master"
  name = "github.com/gobuffalo/envy"
  packages = ["."]
  revision = "a901aeb76c2647ce52acf7f3bac64c4def49a899"

[[projects]]
  branch = "master"
  name = "github.com/gobuffalo/packr"
  packages = ["."]
  revision = "9d3b78bfcb56d490ba2cae05965890154f04f6f1"

[[projects]]
  branch = "master"
  name = "github.com/gobuffalo/plush"
  packages = [".","ast","lexer","parser","token"]
  revision = "091c255b7362a3bd01469a152b835b02e528af84"

[[projects]]
  branch = "master"
  name = "github.com/gobuffalo/suite"
  packages = ["."]
  revision = "f9e2b82967a3cb7dc69c10bb4156dc80f9a4e77e"

[[projects]]
  branch = "master"
  name = "github.com/gobuffalo/tags"
  packages = [".","form","form/bootstrap"]
  revision = "38b37a47de9954132218e99468d7819ecc98f089"

[[projects]]
  branch = "master"
  name = "github.com/golang/protobuf"
  packages = ["proto"]
  revision = "e325f446bebc2998605911c0a2650d9920361d4a"

[[projects]]
  branch = "master"
  name = "github.com/gorilla/context"
  packages = ["."]
  revision = "08b5f424b9271eedf6f9f0ce86cb9396ed337a42"

[[projects]]
  branch = "master"
  name = "github.com/gorilla/mux"
  packages = ["."]
  revision = "18fca31550181693b3a834a15b74b564b3605876"

[[projects]]
  branch = "master"
  name = "github.com/gorilla/schema"
  packages = ["."]
  revision = "1c72d033473165ade8a126ba64180d76a9212dcd"

[[projects]]
  branch = "master"
  name = "github.com/gorilla/securecookie"
  packages = ["."]
  revision = "e59506cc896acb7f7bf732d4fdf5e25f7ccd8983"

[[projects]]
  branch = "master"
  name = "github.com/gorilla/sessions"
  packages = ["."]
  revision = "8b6b4cd75f07f7ee036eb37b8127bd40ab1efc49"

[[projects]]
  branch = "master"
  name = "github.com/gorilla/websocket"
  packages = ["."]
  revision = "a91eba7f97777409bc2c443f5534d41dd20c5720"

[[projects]]
  branch = "master"
  name = "github.com/jmoiron/sqlx"
  packages = [".","reflectx"]
  revision = "d9bd385d68c068f1fabb5057e3dedcbcbb039d0f"

[[projects]]
  branch = "master"
  name = "github.com/lib/pq"
  packages = [".","oid"]
  revision = "8837942c3e09574accbc5f150e2c5e057189cace"

[[projects]]
  branch = "master"
  name = "github.com/markbates/going"
  packages = ["defaults","randx","wait"]
  revision = "0576708c56cea02331f864fe6e157ac7841923e4"

[[projects]]
  branch = "master"
  name = "github.com/markbates/goth"
  packages = [".","gothic","providers/discord","providers/github","providers/twitter"]
  revision = "c04864b86001affde4fd368f960f698a27fb9d13"

[[projects]]
  branch = "master"
  name = "github.com/markbates/grift"
  packages = ["grift"]
  revision = "bf7b900b08df6cdda22987897235262dafb86163"

[[projects]]
  branch = "master"
  name = "github.com/markbates/hmax"
  packages = ["."]
  revision = "800e180dcd16937a4cc134c6aa8c8407e62ce880"

[[projects]]
  branch = "master"
  name = "github.com/markbates/inflect"
  packages = ["."]
  revision = "6cacb66d100482ef7cc366289ccb156020e57e76"

[[projects]]
  branch = "master"
  name = "github.com/markbates/pop"
  packages = [".","columns","fizz","fizz/translators","nulls"]
  revision = "0a4f72f4653e89c211fb5cc785618d9b049470c3"

[[projects]]
  branch = "master"
  name = "github.com/markbates/refresh"
  packages = ["refresh","refresh/web"]
  revision = "90f2daf12da08f62255f309ece774fa94604a20f"

[[projects]]
  branch = "master"
  name = "github.com/markbates/validate"
  packages = [".","validators"]
  revision = "eb46f4bde41b856ea74fec2b1d77ccdc34292dab"

[[projects]]
  branch = "master"
  name = "github.com/markbates/willie"
  packages = ["."]
  revision = "cf7c4a7c06ea6a65b79294bbfb4ae18b580f6ecc"

[[projects]]
  branch = "master"
  name = "github.com/mattn/anko"
  packages = ["ast","builtins","builtins/encoding/json","builtins/errors","builtins/flag","builtins/fmt","builtins/github.com/daviddengcn/go-colortext","builtins/io","builtins/io/ioutil","builtins/math","builtins/math/big","builtins/math/rand","builtins/net","builtins/net/http","builtins/net/url","builtins/os","builtins/os/exec","builtins/os/signal","builtins/path","builtins/path/filepath","builtins/regexp","builtins/runtime","builtins/sort","builtins/strings","builtins/time","parser","vm"]
  revision = "a3969c63681391ec413427cae813d6d59d6031f1"

[[projects]]
  branch = "master"
  name = "github.com/mattn/go-colorable"
  packages = ["."]
  revision = "ded68f7a9561c023e790de24279db7ebf473ea80"

[[projects]]
  branch = "master"
  name = "github.com/mattn/go-isatty"
  packages = ["."]
  revision = "fc9e8d8ef48496124e79ae0df75490096eccf6fe"

[[projects]]
  branch = "master"
  name = "github.com/mattn/go-sqlite3"
  packages = ["."]
  revision = "83c59d8440943c680f94ebbe51118df4244414d6"

[[projects]]
  branch = "master"
  name = "github.com/microcosm-cc/bluemonday"
  packages = ["."]
  revision = "e79763773ab6222ca1d5a7cbd9d62d83c1f77081"

[[projects]]
  branch = "master"
  name = "github.com/mitchellh/go-homedir"
  packages = ["."]
  revision = "b8bc1bf767474819792c23f32d8286a45736f1c6"

[[projects]]
  branch = "master"
  name = "github.com/mrjones/oauth"
  packages = ["."]
  revision = "3f67d9c274355678b2f9844b08d643e2f9213340"

[[projects]]
  branch = "master"
  name = "github.com/nicksnyder/go-i18n"
  packages = ["i18n","i18n/bundle","i18n/language","i18n/translation"]
  revision = "3e70a1a463008cea6726380c908b1a6a8bdf7b24"

[[projects]]
  branch = "master"
  name = "github.com/pelletier/go-buffruneio"
  packages = ["."]
  revision = "c37440a7cf42ac63b919c752ca73a85067e05992"

[[projects]]
  branch = "master"
  name = "github.com/pelletier/go-toml"
  packages = ["."]
  revision = "fe7536c3dee2596cdd23ee9976a17c22bdaae286"

[[projects]]
  branch = "master"
  name = "github.com/pkg/errors"
  packages = ["."]
  revision = "c605e284fe17294bda444b34710735b29d1a9d90"

[[projects]]
  name = "github.com/pmezard/go-difflib"
  packages = ["difflib"]
  revision = "792786c7400a136282c1664665ae0a8db921c6c2"
  version = "v1.0.0"

[[projects]]
  branch = "master"
  name = "github.com/russross/blackfriday"
  packages = ["."]
  revision = "067529f716f4c3f5e37c8c95ddd59df1007290ae"

[[projects]]
  branch = "master"
  name = "github.com/satori/go.uuid"
  packages = ["."]
  revision = "5bf94b69c6b68ee1b541973bb8e1144db23a194b"

[[projects]]
  branch = "master"
  name = "github.com/serenize/snaker"
  packages = ["."]
  revision = "1c7f65329f6524115af8ca01ab604c00cddf5558"

[[projects]]
  branch = "master"
  name = "github.com/sergi/go-diff"
  packages = ["diffmatchpatch"]
  revision = "feef008d51ad2b3778f85d387ccf91735543008d"

[[projects]]
  branch = "master"
  name = "github.com/shurcooL/github_flavored_markdown"
  packages = ["."]
  revision = "3c64cb3ce00a3f4feae0c53ce7c2cc2fdacba14b"

[[projects]]
  branch = "master"
  name = "github.com/shurcooL/go"
  packages = ["parserutil","printerutil","reflectfind","reflectsource"]
  revision = "20b4b0a352116a106a505a8c528b6513e7e0d5c2"

[[projects]]
  branch = "master"
  name = "github.com/shurcooL/go-goon"
  packages = ["."]
  revision = "a0792a0a8f8fa9a233843e67079b051b571e609c"

[[projects]]
  branch = "master"
  name = "github.com/shurcooL/highlight_diff"
  packages = ["."]
  revision = "09bb4053de1b1d872a9f25dc21378fa71dca4e4e"

[[projects]]
  branch = "master"
  name = "github.com/shurcooL/highlight_go"
  packages = ["."]
  revision = "78fb10f4a5f89e812a5e26ab723b954a51226086"

[[projects]]
  branch = "master"
  name = "github.com/shurcooL/octiconssvg"
  packages = ["."]
  revision = "1aed2117d2aa8eed76a052936e468e5354750701"

[[projects]]
  branch = "master"
  name = "github.com/shurcooL/sanitized_anchor_name"
  packages = ["."]
  revision = "541ff5ee47f1dddf6a5281af78307d921524bcb5"

[[projects]]
  branch = "master"
  name = "github.com/sourcegraph/annotate"
  packages = ["."]
  revision = "f4cad6c6324d3f584e1743d8b3e0e017a5f3a636"

[[projects]]
  branch = "master"
  name = "github.com/sourcegraph/syntaxhighlight"
  packages = ["."]
  revision = "bd320f5d308e1a3c4314c678d8227a0d72574ae7"

[[projects]]
  branch = "master"
  name = "github.com/stretchr/testify"
  packages = ["assert","require","suite"]
  revision = "f6abca593680b2315d2075e0f5e2a9751e3f431a"

[[projects]]
  branch = "master"
  name = "golang.org/x/net"
  packages = ["context","html","html/atom"]
  revision = "ddf80d0970594e2e4cccf5a98861cad3d9eaa4cd"

[[projects]]
  branch = "master"
  name = "golang.org/x/oauth2"
  packages = [".","internal"]
  revision = "f047394b6d14284165300fd82dad67edb3a4d7f6"

[[projects]]
  branch = "master"
  name = "golang.org/x/sys"
  packages = ["unix"]
  revision = "fb4cac33e3196ff7f507ab9b2d2a44b0142f5b5a"

[[projects]]
  name = "google.golang.org/appengine"
  packages = ["internal","internal/base","internal/datastore","internal/log","internal/remote_api","internal/urlfetch","urlfetch"]
  revision = "150dc57a1b433e64154302bdc40b6bb8aefa313a"
  version = "v1.0.0"

[[projects]]
  branch = "v2"
  name = "gopkg.in/yaml.v2"
  packages = ["."]
  revision = "cd8b52f8269e0feb286dfeef29f8fe4d5b397e0b"

[solve-meta]
  analyzer-name = "dep"
  analyzer-version = 1
  inputs-digest = "6352446790579a2140c5224ab902633f49a39d17502db6365d233b7384e69305"
  solver-name = "gps-cdcl"
  solver-version = 1
